// !$*UTF8*$!
{
	archiveVersion = 1;
	classes = {
	};
	objectVersion = 46;
	objects = {

/* Begin PBXBuildFile section */
		4F7C84121A5BD539007A8EB0 /* ViewController.m in Sources */ = {isa = PBXBuildFile; fileRef = 4F7C84111A5BD539007A8EB0 /* ViewController.m */; };
		4F9CBA341A4A1DF60029E2F7 /* main.m in Sources */ = {isa = PBXBuildFile; fileRef = 4F9CBA331A4A1DF60029E2F7 /* main.m */; };
		4F9CBA371A4A1DF60029E2F7 /* AppDelegate.m in Sources */ = {isa = PBXBuildFile; fileRef = 4F9CBA361A4A1DF60029E2F7 /* AppDelegate.m */; };
		4F9CBA3F1A4A1DF60029E2F7 /* Images.xcassets in Resources */ = {isa = PBXBuildFile; fileRef = 4F9CBA3E1A4A1DF60029E2F7 /* Images.xcassets */; };
		4F9CBA421A4A1DF60029E2F7 /* LaunchScreen.xib in Resources */ = {isa = PBXBuildFile; fileRef = 4F9CBA401A4A1DF60029E2F7 /* LaunchScreen.xib */; };
		4F9CBA4E1A4A1DF60029E2F7 /* FramedArrangementTests.m in Sources */ = {isa = PBXBuildFile; fileRef = 4F9CBA4D1A4A1DF60029E2F7 /* FramedArrangementTests.m */; };
/* End PBXBuildFile section */

/* Begin PBXContainerItemProxy section */
		4F9CBA481A4A1DF60029E2F7 /* PBXContainerItemProxy */ = {
			isa = PBXContainerItemProxy;
			containerPortal = 4F9CBA261A4A1DF60029E2F7 /* Project object */;
			proxyType = 1;
			remoteGlobalIDString = 4F9CBA2D1A4A1DF60029E2F7;
			remoteInfo = FramedArrangement;
		};
/* End PBXContainerItemProxy section */

/* Begin PBXFileReference section */
		4F7C84101A5BD539007A8EB0 /* ViewController.h */ = {isa = PBXFileReference; fileEncoding = 4; lastKnownFileType = sourcecode.c.h; path = ViewController.h; sourceTree = "<group>"; };
		4F7C84111A5BD539007A8EB0 /* ViewController.m */ = {isa = PBXFileReference; fileEncoding = 4; lastKnownFileType = sourcecode.c.objc; path = ViewController.m; sourceTree = "<group>"; };
		4F9CBA2E1A4A1DF60029E2F7 /* FramedArrangement.app */ = {isa = PBXFileReference; explicitFileType = wrapper.application; includeInIndex = 0; path = FramedArrangement.app; sourceTree = BUILT_PRODUCTS_DIR; };
		4F9CBA321A4A1DF60029E2F7 /* Info.plist */ = {isa = PBXFileReference; lastKnownFileType = text.plist.xml; path = Info.plist; sourceTree = "<group>"; };
		4F9CBA331A4A1DF60029E2F7 /* main.m */ = {isa = PBXFileReference; lastKnownFileType = sourcecode.c.objc; path = main.m; sourceTree = "<group>"; };
		4F9CBA351A4A1DF60029E2F7 /* AppDelegate.h */ = {isa = PBXFileReference; lastKnownFileType = sourcecode.c.h; path = AppDelegate.h; sourceTree = "<group>"; };
		4F9CBA361A4A1DF60029E2F7 /* AppDelegate.m */ = {isa = PBXFileReference; lastKnownFileType = sourcecode.c.objc; path = AppDelegate.m; sourceTree = "<group>"; };
		4F9CBA3E1A4A1DF60029E2F7 /* Images.xcassets */ = {isa = PBXFileReference; lastKnownFileType = folder.assetcatalog; path = Images.xcassets; sourceTree = "<group>"; };
		4F9CBA411A4A1DF60029E2F7 /* Base */ = {isa = PBXFileReference; lastKnownFileType = file.xib; name = Base; path = Base.lproj/LaunchScreen.xib; sourceTree = "<group>"; };
		4F9CBA471A4A1DF60029E2F7 /* FramedArrangementTests.xctest */ = {isa = PBXFileReference; explicitFileType = wrapper.cfbundle; includeInIndex = 0; path = FramedArrangementTests.xctest; sourceTree = BUILT_PRODUCTS_DIR; };
		4F9CBA4C1A4A1DF60029E2F7 /* Info.plist */ = {isa = PBXFileReference; lastKnownFileType = text.plist.xml; path = Info.plist; sourceTree = "<group>"; };
		4F9CBA4D1A4A1DF60029E2F7 /* FramedArrangementTests.m */ = {isa = PBXFileReference; lastKnownFileType = sourcecode.c.objc; path = FramedArrangementTests.m; sourceTree = "<group>"; };
/* End PBXFileReference section */

/* Begin PBXFrameworksBuildPhase section */
		4F9CBA2B1A4A1DF60029E2F7 /* Frameworks */ = {
			isa = PBXFrameworksBuildPhase;
			buildActionMask = 2147483647;
			files = (
			);
			runOnlyForDeploymentPostprocessing = 0;
		};
		4F9CBA441A4A1DF60029E2F7 /* Frameworks */ = {
			isa = PBXFrameworksBuildPhase;
			buildActionMask = 2147483647;
			files = (
			);
			runOnlyForDeploymentPostprocessing = 0;
		};
/* End PBXFrameworksBuildPhase section */

/* Begin PBXGroup section */
		4F9CBA251A4A1DF60029E2F7 = {
			isa = PBXGroup;
			children = (
				4F9CBA301A4A1DF60029E2F7 /* FramedArrangement */,
				4F9CBA4A1A4A1DF60029E2F7 /* FramedArrangementTests */,
				4F9CBA2F1A4A1DF60029E2F7 /* Products */,
			);
			sourceTree = "<group>";
		};
		4F9CBA2F1A4A1DF60029E2F7 /* Products */ = {
			isa = PBXGroup;
			children = (
				4F9CBA2E1A4A1DF60029E2F7 /* FramedArrangement.app */,
				4F9CBA471A4A1DF60029E2F7 /* FramedArrangementTests.xctest */,
			);
			name = Products;
			sourceTree = "<group>";
		};
		4F9CBA301A4A1DF60029E2F7 /* FramedArrangement */ = {
			isa = PBXGroup;
			children = (
				4F9CBA351A4A1DF60029E2F7 /* AppDelegate.h */,
				4F9CBA361A4A1DF60029E2F7 /* AppDelegate.m */,
				4F7C84101A5BD539007A8EB0 /* ViewController.h */,
				4F7C84111A5BD539007A8EB0 /* ViewController.m */,
				4F9CBA3E1A4A1DF60029E2F7 /* Images.xcassets */,
				4F9CBA401A4A1DF60029E2F7 /* LaunchScreen.xib */,
				4F9CBA311A4A1DF60029E2F7 /* Supporting Files */,
			);
			path = FramedArrangement;
			sourceTree = "<group>";
		};
		4F9CBA311A4A1DF60029E2F7 /* Supporting Files */ = {
			isa = PBXGroup;
			children = (
				4F9CBA321A4A1DF60029E2F7 /* Info.plist */,
				4F9CBA331A4A1DF60029E2F7 /* main.m */,
			);
			name = "Supporting Files";
			sourceTree = "<group>";
		};
		4F9CBA4A1A4A1DF60029E2F7 /* FramedArrangementTests */ = {
			isa = PBXGroup;
			children = (
				4F9CBA4D1A4A1DF60029E2F7 /* FramedArrangementTests.m */,
				4F9CBA4B1A4A1DF60029E2F7 /* Supporting Files */,
			);
			path = FramedArrangementTests;
			sourceTree = "<group>";
		};
		4F9CBA4B1A4A1DF60029E2F7 /* Supporting Files */ = {
			isa = PBXGroup;
			children = (
				4F9CBA4C1A4A1DF60029E2F7 /* Info.plist */,
			);
			name = "Supporting Files";
			sourceTree = "<group>";
		};
/* End PBXGroup section */

/* Begin PBXNativeTarget section */
		4F9CBA2D1A4A1DF60029E2F7 /* FramedArrangement */ = {
			isa = PBXNativeTarget;
			buildConfigurationList = 4F9CBA511A4A1DF60029E2F7 /* Build configuration list for PBXNativeTarget "FramedArrangement" */;
			buildPhases = (
				4F9CBA2A1A4A1DF60029E2F7 /* Sources */,
				4F9CBA2B1A4A1DF60029E2F7 /* Frameworks */,
				4F9CBA2C1A4A1DF60029E2F7 /* Resources */,
			);
			buildRules = (
			);
			dependencies = (
			);
			name = FramedArrangement;
			productName = FramedArrangement;
			productReference = 4F9CBA2E1A4A1DF60029E2F7 /* FramedArrangement.app */;
			productType = "com.apple.product-type.application";
		};
		4F9CBA461A4A1DF60029E2F7 /* FramedArrangementTests */ = {
			isa = PBXNativeTarget;
			buildConfigurationList = 4F9CBA541A4A1DF60029E2F7 /* Build configuration list for PBXNativeTarget "FramedArrangementTests" */;
			buildPhases = (
				4F9CBA431A4A1DF60029E2F7 /* Sources */,
				4F9CBA441A4A1DF60029E2F7 /* Frameworks */,
				4F9CBA451A4A1DF60029E2F7 /* Resources */,
			);
			buildRules = (
			);
			dependencies = (
				4F9CBA491A4A1DF60029E2F7 /* PBXTargetDependency */,
			);
			name = FramedArrangementTests;
			productName = FramedArrangementTests;
			productReference = 4F9CBA471A4A1DF60029E2F7 /* FramedArrangementTests.xctest */;
			productType = "com.apple.product-type.bundle.unit-test";
		};
/* End PBXNativeTarget section */

/* Begin PBXProject section */
		4F9CBA261A4A1DF60029E2F7 /* Project object */ = {
			isa = PBXProject;
			attributes = {
				LastUpgradeCheck = 0610;
				ORGANIZATIONNAME = DevMountain;
				TargetAttributes = {
					4F9CBA2D1A4A1DF60029E2F7 = {
						CreatedOnToolsVersion = 6.1;
					};
					4F9CBA461A4A1DF60029E2F7 = {
						CreatedOnToolsVersion = 6.1;
						TestTargetID = 4F9CBA2D1A4A1DF60029E2F7;
					};
				};
			};
			buildConfigurationList = 4F9CBA291A4A1DF60029E2F7 /* Build configuration list for PBXProject "FramedArrangement" */;
			compatibilityVersion = "Xcode 3.2";
			developmentRegion = English;
			hasScannedForEncodings = 0;
			knownRegions = (
				en,
				Base,
			);
			mainGroup = 4F9CBA251A4A1DF60029E2F7;
			productRefGroup = 4F9CBA2F1A4A1DF60029E2F7 /* Products */;
			projectDirPath = "";
			projectRoot = "";
			targets = (
				4F9CBA2D1A4A1DF60029E2F7 /* FramedArrangement */,
				4F9CBA461A4A1DF60029E2F7 /* FramedArrangementTests */,
			);
		};
/* End PBXProject section */

/* Begin PBXResourcesBuildPhase section */
		4F9CBA2C1A4A1DF60029E2F7 /* Resources */ = {
			isa = PBXResourcesBuildPhase;
			buildActionMask = 2147483647;
			files = (
				4F9CBA421A4A1DF60029E2F7 /* LaunchScreen.xib in Resources */,
				4F9CBA3F1A4A1DF60029E2F7 /* Images.xcassets in Resources */,
			);
			runOnlyForDeploymentPostprocessing = 0;
		};
		4F9CBA451A4A1DF60029E2F7 /* Resources */ = {
			isa = PBXResourcesBuildPhase;
			buildActionMask = 2147483647;
			files = (
			);
			runOnlyForDeploymentPostprocessing = 0;
		};
/* End PBXResourcesBuildPhase section */

/* Begin PBXSourcesBuildPhase section */
		4F9CBA2A1A4A1DF60029E2F7 /* Sources */ = {
			isa = PBXSourcesBuildPhase;
			buildActionMask = 2147483647;
			files = (
				4F7C84121A5BD539007A8EB0 /* ViewController.m in Sources */,
				4F9CBA371A4A1DF60029E2F7 /* AppDelegate.m in Sources */,
				4F9CBA341A4A1DF60029E2F7 /* main.m in Sources */,
			);
			runOnlyForDeploymentPostprocessing = 0;
		};
		4F9CBA431A4A1DF60029E2F7 /* Sources */ = {
			isa = PBXSourcesBuildPhase;
			buildActionMask = 2147483647;
			files = (
				4F9CBA4E1A4A1DF60029E2F7 /* FramedArrangementTests.m in Sources */,
			);
			runOnlyForDeploymentPostprocessing = 0;
		};
/* End PBXSourcesBuildPhase section */

/* Begin PBXTargetDependency section */
		4F9CBA491A4A1DF60029E2F7 /* PBXTargetDependency */ = {
			isa = PBXTargetDependency;
			target = 4F9CBA2D1A4A1DF60029E2F7 /* FramedArrangement */;
			targetProxy = 4F9CBA481A4A1DF60029E2F7 /* PBXContainerItemProxy */;
		};
/* End PBXTargetDependency section */

/* Begin PBXVariantGroup section */
		4F9CBA401A4A1DF60029E2F7 /* LaunchScreen.xib */ = {
			isa = PBXVariantGroup;
			children = (
				4F9CBA411A4A1DF60029E2F7 /* Base */,
			);
			name = LaunchScreen.xib;
			sourceTree = "<group>";
		};
/* End PBXVariantGroup section */

/* Begin XCBuildConfiguration section */
		4F9CBA4F1A4A1DF60029E2F7 /* Debug */ = {
			isa = XCBuildConfiguration;
			buildSettings = {
				ALWAYS_SEARCH_USER_PATHS = NO;
				CLANG_CXX_LANGUAGE_STANDARD = "gnu++0x";
				CLANG_CXX_LIBRARY = "libc++";
				CLANG_ENABLE_MODULES = YES;
				CLANG_ENABLE_OBJC_ARC = YES;
				CLANG_WARN_BOOL_CONVERSION = YES;
				CLANG_WARN_CONSTANT_CONVERSION = YES;
				CLANG_WARN_DIRECT_OBJC_ISA_USAGE = YES_ERROR;
				CLANG_WARN_EMPTY_BODY = YES;
				CLANG_WARN_ENUM_CONVERSION = YES;
				CLANG_WARN_INT_CONVERSION = YES;
				CLANG_WARN_OBJC_ROOT_CLASS = YES_ERROR;
				CLANG_WARN_UNREACHABLE_CODE = YES;
				CLANG_WARN__DUPLICATE_METHOD_MATCH = YES;
				"CODE_SIGN_IDENTITY[sdk=iphoneos*]" = "iPhone Developer";
				COPY_PHASE_STRIP = NO;
				ENABLE_STRICT_OBJC_MSGSEND = YES;
				GCC_C_LANGUAGE_STANDARD = gnu99;
				GCC_DYNAMIC_NO_PIC = NO;
				GCC_OPTIMIZATION_LEVEL = 0;
				GCC_PREPROCESSOR_DEFINITIONS = (
					"DEBUG=1",
					"$(inherited)",
				);
				GCC_SYMBOLS_PRIVATE_EXTERN = NO;
				GCC_WARN_64_TO_32_BIT_CONVERSION = YES;
				GCC_WARN_ABOUT_RETURN_TYPE = YES_ERROR;
				GCC_WARN_UNDECLARED_SELECTOR = YES;
				GCC_WARN_UNINITIALIZED_AUTOS = YES_AGGRESSIVE;
				GCC_WARN_UNUSED_FUNCTION = YES;
				GCC_WARN_UNUSED_VARIABLE = YES;
				IPHONEOS_DEPLOYMENT_TARGET = 8.1;
				MTL_ENABLE_DEBUG_INFO = YES;
				ONLY_ACTIVE_ARCH = YES;
				SDKROOT = iphoneos;
				TARGETED_DEVICE_FAMILY = "1,2";
			};
			name = Debug;
		};
		4F9CBA501A4A1DF60029E2F7 /* Release */ = {
			isa = XCBuildConfiguration;
			buildSettings = {
				ALWAYS_SEARCH_USER_PATHS = NO;
				CLANG_CXX_LANGUAGE_STANDARD = "gnu++0x";
				CLANG_CXX_LIBRARY = "libc++";
				CLANG_ENABLE_MODULES = YES;
				CLANG_ENABLE_OBJC_ARC = YES;
				CLANG_WARN_BOOL_CONVERSION = YES;
				CLANG_WARN_CONSTANT_CONVERSION = YES;
				CLANG_WARN_DIRECT_OBJC_ISA_USAGE = YES_ERROR;
				CLANG_WARN_EMPTY_BODY = YES;
				CLANG_WARN_ENUM_CONVERSION = YES;
				CLANG_WARN_INT_CONVERSION = YES;
				CLANG_WARN_OBJC_ROOT_CLASS = YES_ERROR;
				CLANG_WARN_UNREACHABLE_CODE = YES;
				CLANG_WARN__DUPLICATE_METHOD_MATCH = YES;
				"CODE_SIGN_IDENTITY[sdk=iphoneos*]" = "iPhone Developer";
				COPY_PHASE_STRIP = YES;
				ENABLE_NS_ASSERTIONS = NO;
				ENABLE_STRICT_OBJC_MSGSEND = YES;
				GCC_C_LANGUAGE_STANDARD = gnu99;
				GCC_WARN_64_TO_32_BIT_CONVERSION = YES;
				GCC_WARN_ABOUT_RETURN_TYPE = YES_ERROR;
				GCC_WARN_UNDECLARED_SELECTOR = YES;
				GCC_WARN_UNINITIALIZED_AUTOS = YES_AGGRESSIVE;
				GCC_WARN_UNUSED_FUNCTION = YES;
				GCC_WARN_UNUSED_VARIABLE = YES;
				IPHONEOS_DEPLOYMENT_TARGET = 8.1;
				MTL_ENABLE_DEBUG_INFO = NO;
				SDKROOT = iphoneos;
				TARGETED_DEVICE_FAMILY = "1,2";
				VALIDATE_PRODUCT = YES;
			};
			name = Release;
		};
		4F9CBA521A4A1DF60029E2F7 /* Debug */ = {
			isa = XCBuildConfiguration;
			buildSettings = {
				ASSETCATALOG_COMPILER_APPICON_NAME = AppIcon;
				INFOPLIST_FILE = FramedArrangement/Info.plist;
				LD_RUNPATH_SEARCH_PATHS = "$(inherited) @executable_path/Frameworks";
				PRODUCT_NAME = "$(TARGET_NAME)";
			};
			name = Debug;
		};
		4F9CBA531A4A1DF60029E2F7 /* Release */ = {
			isa = XCBuildConfiguration;
			buildSettings = {
				ASSETCATALOG_COMPILER_APPICON_NAME = AppIcon;
				INFOPLIST_FILE = FramedArrangement/Info.plist;
				LD_RUNPATH_SEARCH_PATHS = "$(inherited) @executable_path/Frameworks";
				PRODUCT_NAME = "$(TARGET_NAME)";
			};
			name = Release;
		};
		4F9CBA551A4A1DF60029E2F7 /* Debug */ = {
			isa = XCBuildConfiguration;
			buildSettings = {
				BUNDLE_LOADER = "$(TEST_HOST)";
				FRAMEWORK_SEARCH_PATHS = (
					"$(SDKROOT)/Developer/Library/Frameworks",
					"$(inherited)",
				);
				GCC_PREPROCESSOR_DEFINITIONS = (
					"DEBUG=1",
					"$(inherited)",
				);
				INFOPLIST_FILE = FramedArrangementTests/Info.plist;
				LD_RUNPATH_SEARCH_PATHS = "$(inherited) @executable_path/Frameworks @loader_path/Frameworks";
				PRODUCT_NAME = "$(TARGET_NAME)";
				TEST_HOST = "$(BUILT_PRODUCTS_DIR)/FramedArrangement.app/FramedArrangement";
			};
			name = Debug;
		};
		4F9CBA561A4A1DF60029E2F7 /* Release */ = {
			isa = XCBuildConfiguration;
			buildSettings = {
				BUNDLE_LOADER = "$(TEST_HOST)";
				FRAMEWORK_SEARCH_PATHS = (
					"$(SDKROOT)/Developer/Library/Frameworks",
					"$(inherited)",
				);
				INFOPLIST_FILE = FramedArrangementTests/Info.plist;
				LD_RUNPATH_SEARCH_PATHS = "$(inherited) @executable_path/Frameworks @loader_path/Frameworks";
				PRODUCT_NAME = "$(TARGET_NAME)";
				TEST_HOST = "$(BUILT_PRODUCTS_DIR)/FramedArrangement.app/FramedArrangement";
			};
			name = Release;
		};
/* End XCBuildConfiguration section */

/* Begin XCConfigurationList section */
		4F9CBA291A4A1DF60029E2F7 /* Build configuration list for PBXProject "FramedArrangement" */ = {
			isa = XCConfigurationList;
			buildConfigurations = (
				4F9CBA4F1A4A1DF60029E2F7 /* Debug */,
				4F9CBA501A4A1DF60029E2F7 /* Release */,
			);
			defaultConfigurationIsVisible = 0;
			defaultConfigurationName = Release;
		};
		4F9CBA511A4A1DF60029E2F7 /* Build configuration list for PBXNativeTarget "FramedArrangement" */ = {
			isa = XCConfigurationList;
			buildConfigurations = (
				4F9CBA521A4A1DF60029E2F7 /* Debug */,
				4F9CBA531A4A1DF60029E2F7 /* Release */,
			);
			defaultConfigurationIsVisible = 0;
			defaultConfigurationName = Release;
		};
		4F9CBA541A4A1DF60029E2F7 /* Build configuration list for PBXNativeTarget "FramedArrangementTests" */ = {
			isa = XCConfigurationList;
			buildConfigurations = (
				4F9CBA551A4A1DF60029E2F7 /* Debug */,
				4F9CBA561A4A1DF60029E2F7 /* Release */,
			);
			defaultConfigurationIsVisible = 0;
			defaultConfigurationName = Release;
		};
/* End XCConfigurationList section */
	};
	rootObject = 4F9CBA261A4A1DF60029E2F7 /* Project object */;
}
